
Microsoft Visual Studio Solution File, Format Version 12.00
# Visual Studio Version 17
VisualStudioVersion = 17.2.32505.173
MinimumVisualStudioVersion = 10.0.40219.1
Project("{9A19103F-16F7-4668-BE54-9A1E7A4F7556}") = "longest_substring_without_repeating_characters", "longest_substring_without_repeating_characters\longest_substring_without_repeating_characters.csproj", "{82AFBCA3-6C76-4635-A56C-4CE573AE1989}"
EndProject
Project("{9A19103F-16F7-4668-BE54-9A1E7A4F7556}") = "add_two_numbers", "add_two_numbers\add_two_numbers.csproj", "{A4B41BB9-C0DD-461E-8B6B-E11B32A742C6}"
EndProject
Project("{9A19103F-16F7-4668-BE54-9A1E7A4F7556}") = "median-of-two-sorted-arrays", "median-of-two-sorted-arrays\median-of-two-sorted-arrays.csproj", "{4B73F20A-C0A9-4AF4-B7DD-8C10EF8D9DE0}"
EndProject
Project("{9A19103F-16F7-4668-BE54-9A1E7A4F7556}") = "longest_palindromic_substring", "longest_palindromic_substring\longest_palindromic_substring.csproj", "{6AA4F042-2881-4145-9466-D3CAB609D449}"
EndProject
Project("{9A19103F-16F7-4668-BE54-9A1E7A4F7556}") = "zigzag-conversion", "zigzag-conversion\zigzag-conversion.csproj", "{27396C05-89EC-482D-92AE-673396ADDBC6}"
EndProject
Project("{9A19103F-16F7-4668-BE54-9A1E7A4F7556}") = "reverse_integer", "reverse_integer\reverse_integer.csproj", "{BD128DA8-3969-41F5-8217-7580CB977020}"
EndProject
Project("{9A19103F-16F7-4668-BE54-9A1E7A4F7556}") = "palindrome_number", "palindrome_number\palindrome_number.csproj", "{1DF14344-A1A1-4948-88A1-0E9682025748}"
EndProject
Project("{9A19103F-16F7-4668-BE54-9A1E7A4F7556}") = "container_with_most_water", "container_with_most_water\container_with_most_water.csproj", "{75572399-2AFB-4C50-9A91-63A4CA0694CE}"
EndProject
Project("{9A19103F-16F7-4668-BE54-9A1E7A4F7556}") = "integer_to_roman", "integer_to_roman\integer_to_roman.csproj", "{D0C01CF9-2BA8-4B45-B3A0-5096817CD363}"
EndProject
Project("{9A19103F-16F7-4668-BE54-9A1E7A4F7556}") = "roman_to_integer", "roman_to_integer\roman_to_integer.csproj", "{7441D29E-9EA7-4210-9990-C5EFC886936D}"
EndProject
Project("{9A19103F-16F7-4668-BE54-9A1E7A4F7556}") = "longest_common_prefix", "longest_common_prefix\longest_common_prefix.csproj", "{4C19A7BE-8274-4A52-84F3-4715DFD37A7A}"
EndProject
Project("{9A19103F-16F7-4668-BE54-9A1E7A4F7556}") = "3_sum", "3_sum\3_sum.csproj", "{A4CE74CD-D4C6-4147-9DAC-6C902405526B}"
EndProject
Project("{FAE04EC0-301F-11D3-BF4B-00C04F79EFBC}") = "letter_combinations_of_a_phone_number", "letter_combinations_of_a_phone_number\letter_combinations_of_a_phone_number.csproj", "{B3E1C510-592E-42BF-91A8-E3268BDB2829}"
EndProject
Global
	GlobalSection(SolutionConfigurationPlatforms) = preSolution
		Debug|Any CPU = Debug|Any CPU
		Release|Any CPU = Release|Any CPU
	EndGlobalSection
	GlobalSection(ProjectConfigurationPlatforms) = postSolution
		{82AFBCA3-6C76-4635-A56C-4CE573AE1989}.Debug|Any CPU.ActiveCfg = Debug|Any CPU
		{82AFBCA3-6C76-4635-A56C-4CE573AE1989}.Debug|Any CPU.Build.0 = Debug|Any CPU
		{82AFBCA3-6C76-4635-A56C-4CE573AE1989}.Release|Any CPU.ActiveCfg = Release|Any CPU
		{82AFBCA3-6C76-4635-A56C-4CE573AE1989}.Release|Any CPU.Build.0 = Release|Any CPU
		{A4B41BB9-C0DD-461E-8B6B-E11B32A742C6}.Debug|Any CPU.ActiveCfg = Debug|Any CPU
		{A4B41BB9-C0DD-461E-8B6B-E11B32A742C6}.Debug|Any CPU.Build.0 = Debug|Any CPU
		{A4B41BB9-C0DD-461E-8B6B-E11B32A742C6}.Release|Any CPU.ActiveCfg = Release|Any CPU
		{A4B41BB9-C0DD-461E-8B6B-E11B32A742C6}.Release|Any CPU.Build.0 = Release|Any CPU
		{4B73F20A-C0A9-4AF4-B7DD-8C10EF8D9DE0}.Debug|Any CPU.ActiveCfg = Debug|Any CPU
		{4B73F20A-C0A9-4AF4-B7DD-8C10EF8D9DE0}.Debug|Any CPU.Build.0 = Debug|Any CPU
		{4B73F20A-C0A9-4AF4-B7DD-8C10EF8D9DE0}.Release|Any CPU.ActiveCfg = Release|Any CPU
		{4B73F20A-C0A9-4AF4-B7DD-8C10EF8D9DE0}.Release|Any CPU.Build.0 = Release|Any CPU
		{6AA4F042-2881-4145-9466-D3CAB609D449}.Debug|Any CPU.ActiveCfg = Debug|Any CPU
		{6AA4F042-2881-4145-9466-D3CAB609D449}.Debug|Any CPU.Build.0 = Debug|Any CPU
		{6AA4F042-2881-4145-9466-D3CAB609D449}.Release|Any CPU.ActiveCfg = Release|Any CPU
		{6AA4F042-2881-4145-9466-D3CAB609D449}.Release|Any CPU.Build.0 = Release|Any CPU
		{27396C05-89EC-482D-92AE-673396ADDBC6}.Debug|Any CPU.ActiveCfg = Debug|Any CPU
		{27396C05-89EC-482D-92AE-673396ADDBC6}.Debug|Any CPU.Build.0 = Debug|Any CPU
		{27396C05-89EC-482D-92AE-673396ADDBC6}.Release|Any CPU.ActiveCfg = Release|Any CPU
		{27396C05-89EC-482D-92AE-673396ADDBC6}.Release|Any CPU.Build.0 = Release|Any CPU
		{BD128DA8-3969-41F5-8217-7580CB977020}.Debug|Any CPU.ActiveCfg = Debug|Any CPU
		{BD128DA8-3969-41F5-8217-7580CB977020}.Debug|Any CPU.Build.0 = Debug|Any CPU
		{BD128DA8-3969-41F5-8217-7580CB977020}.Release|Any CPU.ActiveCfg = Release|Any CPU
		{BD128DA8-3969-41F5-8217-7580CB977020}.Release|Any CPU.Build.0 = Release|Any CPU
		{1DF14344-A1A1-4948-88A1-0E9682025748}.Debug|Any CPU.ActiveCfg = Debug|Any CPU
		{1DF14344-A1A1-4948-88A1-0E9682025748}.Debug|Any CPU.Build.0 = Debug|Any CPU
		{1DF14344-A1A1-4948-88A1-0E9682025748}.Release|Any CPU.ActiveCfg = Release|Any CPU
		{1DF14344-A1A1-4948-88A1-0E9682025748}.Release|Any CPU.Build.0 = Release|Any CPU
		{75572399-2AFB-4C50-9A91-63A4CA0694CE}.Debug|Any CPU.ActiveCfg = Debug|Any CPU
		{75572399-2AFB-4C50-9A91-63A4CA0694CE}.Debug|Any CPU.Build.0 = Debug|Any CPU
		{75572399-2AFB-4C50-9A91-63A4CA0694CE}.Release|Any CPU.ActiveCfg = Release|Any CPU
		{75572399-2AFB-4C50-9A91-63A4CA0694CE}.Release|Any CPU.Build.0 = Release|Any CPU
		{D0C01CF9-2BA8-4B45-B3A0-5096817CD363}.Debug|Any CPU.ActiveCfg = Debug|Any CPU
		{D0C01CF9-2BA8-4B45-B3A0-5096817CD363}.Debug|Any CPU.Build.0 = Debug|Any CPU
		{D0C01CF9-2BA8-4B45-B3A0-5096817CD363}.Release|Any CPU.ActiveCfg = Release|Any CPU
		{D0C01CF9-2BA8-4B45-B3A0-5096817CD363}.Release|Any CPU.Build.0 = Release|Any CPU
		{7441D29E-9EA7-4210-9990-C5EFC886936D}.Debug|Any CPU.ActiveCfg = Debug|Any CPU
		{7441D29E-9EA7-4210-9990-C5EFC886936D}.Debug|Any CPU.Build.0 = Debug|Any CPU
		{7441D29E-9EA7-4210-9990-C5EFC886936D}.Release|Any CPU.ActiveCfg = Release|Any CPU
		{7441D29E-9EA7-4210-9990-C5EFC886936D}.Release|Any CPU.Build.0 = Release|Any CPU
		{4C19A7BE-8274-4A52-84F3-4715DFD37A7A}.Debug|Any CPU.ActiveCfg = Debug|Any CPU
		{4C19A7BE-8274-4A52-84F3-4715DFD37A7A}.Debug|Any CPU.Build.0 = Debug|Any CPU
		{4C19A7BE-8274-4A52-84F3-4715DFD37A7A}.Release|Any CPU.ActiveCfg = Release|Any CPU
		{4C19A7BE-8274-4A52-84F3-4715DFD37A7A}.Release|Any CPU.Build.0 = Release|Any CPU
		{A4CE74CD-D4C6-4147-9DAC-6C902405526B}.Debug|Any CPU.ActiveCfg = Debug|Any CPU
		{A4CE74CD-D4C6-4147-9DAC-6C902405526B}.Debug|Any CPU.Build.0 = Debug|Any CPU
		{A4CE74CD-D4C6-4147-9DAC-6C902405526B}.Release|Any CPU.ActiveCfg = Release|Any CPU
		{A4CE74CD-D4C6-4147-9DAC-6C902405526B}.Release|Any CPU.Build.0 = Release|Any CPU
		{B3E1C510-592E-42BF-91A8-E3268BDB2829}.Debug|Any CPU.ActiveCfg = Debug|Any CPU
		{B3E1C510-592E-42BF-91A8-E3268BDB2829}.Debug|Any CPU.Build.0 = Debug|Any CPU
		{B3E1C510-592E-42BF-91A8-E3268BDB2829}.Release|Any CPU.ActiveCfg = Release|Any CPU
		{B3E1C510-592E-42BF-91A8-E3268BDB2829}.Release|Any CPU.Build.0 = Release|Any CPU
	EndGlobalSection
	GlobalSection(SolutionProperties) = preSolution
		HideSolutionNode = FALSE
	EndGlobalSection
	GlobalSection(ExtensibilityGlobals) = postSolution
		SolutionGuid = {0A6E3110-8B2F-4DE1-8C93-059AF7A7D553}
	EndGlobalSection
EndGlobal
